
Microsoft Visual Studio Solution File, Format Version 12.00
# Visual Studio Version 17
VisualStudioVersion = 17.0.32002.185
MinimumVisualStudioVersion = 10.0.40219.1
Project("{FAE04EC0-301F-11D3-BF4B-00C04F79EFBC}") = "MEDIA_SALARIO_POO", "MEDIA_SALARIO_POO\MEDIA_SALARIO_POO.csproj", "{933DFC33-2E70-413E-B27B-D65D120073A0}"
EndProject
Global
	GlobalSection(SolutionConfigurationPlatforms) = preSolution
		Debug|Any CPU = Debug|Any CPU
		Release|Any CPU = Release|Any CPU
	EndGlobalSection
	GlobalSection(ProjectConfigurationPlatforms) = postSolution
		{933DFC33-2E70-413E-B27B-D65D120073A0}.Debug|Any CPU.ActiveCfg = Debug|Any CPU
		{933DFC33-2E70-413E-B27B-D65D120073A0}.Debug|Any CPU.Build.0 = Debug|Any CPU
		{933DFC33-2E70-413E-B27B-D65D120073A0}.Release|Any CPU.ActiveCfg = Release|Any CPU
		{933DFC33-2E70-413E-B27B-D65D120073A0}.Release|Any CPU.Build.0 = Release|Any CPU
	EndGlobalSection
	GlobalSection(SolutionProperties) = preSolution
		HideSolutionNode = FALSE
	EndGlobalSection
	GlobalSection(ExtensibilityGlobals) = postSolution
		SolutionGuid = {73E71E00-0758-4AF5-AEF0-93128B91510B}
	EndGlobalSection
EndGlobal
